
Microsoft Visual Studio Solution File, Format Version 12.00
# Visual Studio Version 16
VisualStudioVersion = 16.0.33801.447
MinimumVisualStudioVersion = 10.0.40219.1
Project("{FAE04EC0-301F-11D3-BF4B-00C04F79EFBC}") = "ofc MgtSys", "ofc MgtSys.csproj", "{B11CB7CA-60AE-4546-8ABF-B2D841715B40}"
EndProject
Global
	GlobalSection(SolutionConfigurationPlatforms) = preSolution
		Debug|Any CPU = Debug|Any CPU
		Release|Any CPU = Release|Any CPU
	EndGlobalSection
	GlobalSection(ProjectConfigurationPlatforms) = postSolution
		{B11CB7CA-60AE-4546-8ABF-B2D841715B40}.Debug|Any CPU.ActiveCfg = Debug|Any CPU
		{B11CB7CA-60AE-4546-8ABF-B2D841715B40}.Debug|Any CPU.Build.0 = Debug|Any CPU
		{B11CB7CA-60AE-4546-8ABF-B2D841715B40}.Release|Any CPU.ActiveCfg = Release|Any CPU
		{B11CB7CA-60AE-4546-8ABF-B2D841715B40}.Release|Any CPU.Build.0 = Release|Any CPU
	EndGlobalSection
	GlobalSection(SolutionProperties) = preSolution
		HideSolutionNode = FALSE
	EndGlobalSection
	GlobalSection(ExtensibilityGlobals) = postSolution
		SolutionGuid = {721FCE6D-BF8D-4940-8415-7D0F54B624BF}
	EndGlobalSection
EndGlobal
